// !$*UTF8*$!
{
	archiveVersion = 1;
	classes = {
	};
	objectVersion = 46;
	objects = {

/* Begin PBXBuildFile section */
		1D6F52D01CE6FA0000AC0100 /* AppIcon.icns in Resources */ = {isa = PBXBuildFile; fileRef = 2FD939931C1BAAC500B3F46D /* AppIcon.icns */; };
		2FA8FD5A1C1E72C00034522C /* Sparkle.framework in CopyFiles */ = {isa = PBXBuildFile; fileRef = 2FD939911C1BA9F200B3F46D /* Sparkle.framework */; settings = {ATTRIBUTES = (CodeSignOnCopy, RemoveHeadersOnCopy, ); }; };
		2FD9397E1C1AC25E00B3F46D /* AppleScriptObjC.framework in Frameworks */ = {isa = PBXBuildFile; fileRef = 2FD9397D1C1AC25E00B3F46D /* AppleScriptObjC.framework */; };
		2FD939821C1AC25E00B3F46D /* main.m in Sources */ = {isa = PBXBuildFile; fileRef = 2FD939811C1AC25E00B3F46D /* main.m */; };
		2FD939841C1AC25E00B3F46D /* AppDelegate.applescript in Sources */ = {isa = PBXBuildFile; fileRef = 2FD939831C1AC25E00B3F46D /* AppDelegate.applescript */; };
		2FD939861C1AC25E00B3F46D /* Assets.xcassets in Resources */ = {isa = PBXBuildFile; fileRef = 2FD939851C1AC25E00B3F46D /* Assets.xcassets */; };
		2FD939891C1AC25E00B3F46D /* MainMenu.xib in Resources */ = {isa = PBXBuildFile; fileRef = 2FD939871C1AC25E00B3F46D /* MainMenu.xib */; };
		2FD939921C1BA9F200B3F46D /* Sparkle.framework in Frameworks */ = {isa = PBXBuildFile; fileRef = 2FD939911C1BA9F200B3F46D /* Sparkle.framework */; };
		2FD939961C1BADCB00B3F46D /* dsa_pub.pem in Resources */ = {isa = PBXBuildFile; fileRef = 2FD939951C1BADCB00B3F46D /* dsa_pub.pem */; };
/* End PBXBuildFile section */

/* Begin PBXCopyFilesBuildPhase section */
		2FA8FD591C1E72B20034522C /* CopyFiles */ = {
			isa = PBXCopyFilesBuildPhase;
			buildActionMask = 2147483647;
			dstPath = "";
			dstSubfolderSpec = 10;
			files = (
				2FA8FD5A1C1E72C00034522C /* Sparkle.framework in CopyFiles */,
			);
			runOnlyForDeploymentPostprocessing = 0;
		};
/* End PBXCopyFilesBuildPhase section */

/* Begin PBXFileReference section */
		2FD9397A1C1AC25E00B3F46D /* SkeleKey-Manager.app */ = {isa = PBXFileReference; explicitFileType = wrapper.application; includeInIndex = 0; path = "SkeleKey-Manager.app"; sourceTree = BUILT_PRODUCTS_DIR; };
		2FD9397D1C1AC25E00B3F46D /* AppleScriptObjC.framework */ = {isa = PBXFileReference; lastKnownFileType = wrapper.framework; name = AppleScriptObjC.framework; path = System/Library/Frameworks/AppleScriptObjC.framework; sourceTree = SDKROOT; };
		2FD939811C1AC25E00B3F46D /* main.m */ = {isa = PBXFileReference; lastKnownFileType = sourcecode.c.objc; path = main.m; sourceTree = "<group>"; };
		2FD939831C1AC25E00B3F46D /* AppDelegate.applescript */ = {isa = PBXFileReference; lastKnownFileType = sourcecode.applescript; path = AppDelegate.applescript; sourceTree = "<group>"; };
		2FD939851C1AC25E00B3F46D /* Assets.xcassets */ = {isa = PBXFileReference; lastKnownFileType = folder.assetcatalog; path = Assets.xcassets; sourceTree = "<group>"; };
		2FD939881C1AC25E00B3F46D /* Base */ = {isa = PBXFileReference; lastKnownFileType = file.xib; name = Base; path = Base.lproj/MainMenu.xib; sourceTree = "<group>"; };
		2FD9398A1C1AC25E00B3F46D /* Info.plist */ = {isa = PBXFileReference; lastKnownFileType = text.plist.xml; path = Info.plist; sourceTree = "<group>"; };
		2FD939911C1BA9F200B3F46D /* Sparkle.framework */ = {isa = PBXFileReference; lastKnownFileType = wrapper.framework; path = Sparkle.framework; sourceTree = "<group>"; };
		2FD939931C1BAAC500B3F46D /* AppIcon.icns */ = {isa = PBXFileReference; lastKnownFileType = image.icns; path = AppIcon.icns; sourceTree = "<group>"; };
		2FD939951C1BADCB00B3F46D /* dsa_pub.pem */ = {isa = PBXFileReference; fileEncoding = 4; lastKnownFileType = text; path = dsa_pub.pem; sourceTree = "<group>"; };
/* End PBXFileReference section */

/* Begin PBXFrameworksBuildPhase section */
		2FD939771C1AC25E00B3F46D /* Frameworks */ = {
			isa = PBXFrameworksBuildPhase;
			buildActionMask = 2147483647;
			files = (
				2FD9397E1C1AC25E00B3F46D /* AppleScriptObjC.framework in Frameworks */,
				2FD939921C1BA9F200B3F46D /* Sparkle.framework in Frameworks */,
			);
			runOnlyForDeploymentPostprocessing = 0;
		};
/* End PBXFrameworksBuildPhase section */

/* Begin PBXGroup section */
		2FD939711C1AC25E00B3F46D = {
			isa = PBXGroup;
			children = (
				2FD9397F1C1AC25E00B3F46D /* SkeleKey-Manager */,
				2FD939901C1BA9CA00B3F46D /* Resources */,
				2FD9397C1C1AC25E00B3F46D /* Frameworks */,
				2FD9397B1C1AC25E00B3F46D /* Products */,
			);
			sourceTree = "<group>";
		};
		2FD9397B1C1AC25E00B3F46D /* Products */ = {
			isa = PBXGroup;
			children = (
				2FD9397A1C1AC25E00B3F46D /* SkeleKey-Manager.app */,
			);
			name = Products;
			sourceTree = "<group>";
		};
		2FD9397C1C1AC25E00B3F46D /* Frameworks */ = {
			isa = PBXGroup;
			children = (
				2FD939911C1BA9F200B3F46D /* Sparkle.framework */,
				2FD9397D1C1AC25E00B3F46D /* AppleScriptObjC.framework */,
			);
			name = Frameworks;
			sourceTree = "<group>";
		};
		2FD9397F1C1AC25E00B3F46D /* SkeleKey-Manager */ = {
			isa = PBXGroup;
			children = (
				2FD939831C1AC25E00B3F46D /* AppDelegate.applescript */,
				2FD939851C1AC25E00B3F46D /* Assets.xcassets */,
				2FD939871C1AC25E00B3F46D /* MainMenu.xib */,
				2FD9398A1C1AC25E00B3F46D /* Info.plist */,
				2FD939801C1AC25E00B3F46D /* Supporting Files */,
			);
			path = "SkeleKey-Manager";
			sourceTree = "<group>";
		};
		2FD939801C1AC25E00B3F46D /* Supporting Files */ = {
			isa = PBXGroup;
			children = (
				2FD939811C1AC25E00B3F46D /* main.m */,
			);
			name = "Supporting Files";
			sourceTree = "<group>";
		};
		2FD939901C1BA9CA00B3F46D /* Resources */ = {
			isa = PBXGroup;
			children = (
				2FD939931C1BAAC500B3F46D /* AppIcon.icns */,
				2FD939951C1BADCB00B3F46D /* dsa_pub.pem */,
			);
			name = Resources;
			path = "SkeleKey-Manager";
			sourceTree = "<group>";
		};
/* End PBXGroup section */

/* Begin PBXNativeTarget section */
		2FD939791C1AC25E00B3F46D /* SkeleKey-Manager */ = {
			isa = PBXNativeTarget;
			buildConfigurationList = 2FD9398D1C1AC25E00B3F46D /* Build configuration list for PBXNativeTarget "SkeleKey-Manager" */;
			buildPhases = (
				2FD939761C1AC25E00B3F46D /* Sources */,
				2FD939771C1AC25E00B3F46D /* Frameworks */,
				2FD939781C1AC25E00B3F46D /* Resources */,
				2FA8FD591C1E72B20034522C /* CopyFiles */,
			);
			buildRules = (
			);
			dependencies = (
			);
			name = "SkeleKey-Manager";
			productName = "SkeleKey-Manager";
			productReference = 2FD9397A1C1AC25E00B3F46D /* SkeleKey-Manager.app */;
			productType = "com.apple.product-type.application";
		};
/* End PBXNativeTarget section */

/* Begin PBXProject section */
		2FD939721C1AC25E00B3F46D /* Project object */ = {
			isa = PBXProject;
			attributes = {
				LastUpgradeCheck = 0710;
				ORGANIZATIONNAME = SEBS;
				TargetAttributes = {
					2FD939791C1AC25E00B3F46D = {
						CreatedOnToolsVersion = 7.1.1;
					};
				};
			};
			buildConfigurationList = 2FD939751C1AC25E00B3F46D /* Build configuration list for PBXProject "SkeleKey-Manager" */;
			compatibilityVersion = "Xcode 3.2";
			developmentRegion = English;
			hasScannedForEncodings = 0;
			knownRegions = (
				en,
				Base,
			);
			mainGroup = 2FD939711C1AC25E00B3F46D;
			productRefGroup = 2FD9397B1C1AC25E00B3F46D /* Products */;
			projectDirPath = "";
			projectRoot = "";
			targets = (
				2FD939791C1AC25E00B3F46D /* SkeleKey-Manager */,
			);
		};
/* End PBXProject section */

/* Begin PBXResourcesBuildPhase section */
		2FD939781C1AC25E00B3F46D /* Resources */ = {
			isa = PBXResourcesBuildPhase;
			buildActionMask = 2147483647;
			files = (
				2FD939861C1AC25E00B3F46D /* Assets.xcassets in Resources */,
				2FD939961C1BADCB00B3F46D /* dsa_pub.pem in Resources */,
				1D6F52D01CE6FA0000AC0100 /* AppIcon.icns in Resources */,
				2FD939891C1AC25E00B3F46D /* MainMenu.xib in Resources */,
			);
			runOnlyForDeploymentPostprocessing = 0;
		};
/* End PBXResourcesBuildPhase section */

/* Begin PBXSourcesBuildPhase section */
		2FD939761C1AC25E00B3F46D /* Sources */ = {
			isa = PBXSourcesBuildPhase;
			buildActionMask = 2147483647;
			files = (
				2FD939841C1AC25E00B3F46D /* AppDelegate.applescript in Sources */,
				2FD939821C1AC25E00B3F46D /* main.m in Sources */,
			);
			runOnlyForDeploymentPostprocessing = 0;
		};
/* End PBXSourcesBuildPhase section */

/* Begin PBXVariantGroup section */
		2FD939871C1AC25E00B3F46D /* MainMenu.xib */ = {
			isa = PBXVariantGroup;
			children = (
				2FD939881C1AC25E00B3F46D /* Base */,
			);
			name = MainMenu.xib;
			sourceTree = "<group>";
		};
/* End PBXVariantGroup section */

/* Begin XCBuildConfiguration section */
		2FD9398B1C1AC25E00B3F46D /* Debug */ = {
			isa = XCBuildConfiguration;
			buildSettings = {
				ALWAYS_SEARCH_USER_PATHS = NO;
				CLANG_CXX_LANGUAGE_STANDARD = "gnu++0x";
				CLANG_CXX_LIBRARY = "libc++";
				CLANG_ENABLE_MODULES = YES;
				CLANG_ENABLE_OBJC_ARC = YES;
				CLANG_WARN_BOOL_CONVERSION = YES;
				CLANG_WARN_CONSTANT_CONVERSION = YES;
				CLANG_WARN_DIRECT_OBJC_ISA_USAGE = YES_ERROR;
				CLANG_WARN_EMPTY_BODY = YES;
				CLANG_WARN_ENUM_CONVERSION = YES;
				CLANG_WARN_INT_CONVERSION = YES;
				CLANG_WARN_OBJC_ROOT_CLASS = YES_ERROR;
				CLANG_WARN_UNREACHABLE_CODE = YES;
				CLANG_WARN__DUPLICATE_METHOD_MATCH = YES;
				CODE_SIGN_IDENTITY = "";
				COPY_PHASE_STRIP = NO;
				DEBUG_INFORMATION_FORMAT = dwarf;
				ENABLE_STRICT_OBJC_MSGSEND = YES;
				ENABLE_TESTABILITY = YES;
				GCC_C_LANGUAGE_STANDARD = gnu99;
				GCC_DYNAMIC_NO_PIC = NO;
				GCC_NO_COMMON_BLOCKS = YES;
				GCC_OPTIMIZATION_LEVEL = 0;
				GCC_PREPROCESSOR_DEFINITIONS = (
					"DEBUG=1",
					"$(inherited)",
				);
				GCC_WARN_64_TO_32_BIT_CONVERSION = YES;
				GCC_WARN_ABOUT_RETURN_TYPE = YES_ERROR;
				GCC_WARN_UNDECLARED_SELECTOR = YES;
				GCC_WARN_UNINITIALIZED_AUTOS = YES_AGGRESSIVE;
				GCC_WARN_UNUSED_FUNCTION = YES;
				GCC_WARN_UNUSED_VARIABLE = YES;
				MACOSX_DEPLOYMENT_TARGET = 10.9;
				MTL_ENABLE_DEBUG_INFO = YES;
				ONLY_ACTIVE_ARCH = YES;
				SDKROOT = macosx;
			};
			name = Debug;
		};
		2FD9398C1C1AC25E00B3F46D /* Release */ = {
			isa = XCBuildConfiguration;
			buildSettings = {
				ALWAYS_SEARCH_USER_PATHS = NO;
				CLANG_CXX_LANGUAGE_STANDARD = "gnu++0x";
				CLANG_CXX_LIBRARY = "libc++";
				CLANG_ENABLE_MODULES = YES;
				CLANG_ENABLE_OBJC_ARC = YES;
				CLANG_WARN_BOOL_CONVERSION = YES;
				CLANG_WARN_CONSTANT_CONVERSION = YES;
				CLANG_WARN_DIRECT_OBJC_ISA_USAGE = YES_ERROR;
				CLANG_WARN_EMPTY_BODY = YES;
				CLANG_WARN_ENUM_CONVERSION = YES;
				CLANG_WARN_INT_CONVERSION = YES;
				CLANG_WARN_OBJC_ROOT_CLASS = YES_ERROR;
				CLANG_WARN_UNREACHABLE_CODE = YES;
				CLANG_WARN__DUPLICATE_METHOD_MATCH = YES;
				CODE_SIGN_IDENTITY = "";
				COPY_PHASE_STRIP = NO;
				DEBUG_INFORMATION_FORMAT = "dwarf-with-dsym";
				ENABLE_NS_ASSERTIONS = NO;
				ENABLE_STRICT_OBJC_MSGSEND = YES;
				GCC_C_LANGUAGE_STANDARD = gnu99;
				GCC_NO_COMMON_BLOCKS = YES;
				GCC_WARN_64_TO_32_BIT_CONVERSION = YES;
				GCC_WARN_ABOUT_RETURN_TYPE = YES_ERROR;
				GCC_WARN_UNDECLARED_SELECTOR = YES;
				GCC_WARN_UNINITIALIZED_AUTOS = YES_AGGRESSIVE;
				GCC_WARN_UNUSED_FUNCTION = YES;
				GCC_WARN_UNUSED_VARIABLE = YES;
				MACOSX_DEPLOYMENT_TARGET = 10.9;
				MTL_ENABLE_DEBUG_INFO = NO;
				SDKROOT = macosx;
			};
			name = Release;
		};
		2FD9398E1C1AC25E00B3F46D /* Debug */ = {
			isa = XCBuildConfiguration;
			buildSettings = {
				ASSETCATALOG_COMPILER_APPICON_NAME = AppIcon;
				COMBINE_HIDPI_IMAGES = YES;
				FRAMEWORK_SEARCH_PATHS = (
					"$(inherited)",
					"$(PROJECT_DIR)",
				);
				INFOPLIST_FILE = "SkeleKey-Manager/Info.plist";
				LD_RUNPATH_SEARCH_PATHS = "$(inherited) @executable_path/../Frameworks @loader_path/../Frameworks";
				PRODUCT_BUNDLE_IDENTIFIER = "com.skelekey.SkeleKey-Manager";
				PRODUCT_NAME = "$(TARGET_NAME)";
			};
			name = Debug;
		};
		2FD9398F1C1AC25E00B3F46D /* Release */ = {
			isa = XCBuildConfiguration;
			buildSettings = {
				ASSETCATALOG_COMPILER_APPICON_NAME = AppIcon;
				COMBINE_HIDPI_IMAGES = YES;
				FRAMEWORK_SEARCH_PATHS = (
					"$(inherited)",
					"$(PROJECT_DIR)",
				);
				INFOPLIST_FILE = "SkeleKey-Manager/Info.plist";
				LD_RUNPATH_SEARCH_PATHS = "$(inherited) @executable_path/../Frameworks @loader_path/../Frameworks";
				PRODUCT_BUNDLE_IDENTIFIER = "com.skelekey.SkeleKey-Manager";
				PRODUCT_NAME = "$(TARGET_NAME)";
			};
			name = Release;
		};
/* End XCBuildConfiguration section */

/* Begin XCConfigurationList section */
		2FD939751C1AC25E00B3F46D /* Build configuration list for PBXProject "SkeleKey-Manager" */ = {
			isa = XCConfigurationList;
			buildConfigurations = (
				2FD9398B1C1AC25E00B3F46D /* Debug */,
				2FD9398C1C1AC25E00B3F46D /* Release */,
			);
			defaultConfigurationIsVisible = 0;
			defaultConfigurationName = Release;
		};
		2FD9398D1C1AC25E00B3F46D /* Build configuration list for PBXNativeTarget "SkeleKey-Manager" */ = {
			isa = XCConfigurationList;
			buildConfigurations = (
				2FD9398E1C1AC25E00B3F46D /* Debug */,
				2FD9398F1C1AC25E00B3F46D /* Release */,
			);
			defaultConfigurationIsVisible = 0;
			defaultConfigurationName = Release;
		};
/* End XCConfigurationList section */
	};
	rootObject = 2FD939721C1AC25E00B3F46D /* Project object */;
}
