// !$*UTF8*$!
{
	archiveVersion = 1;
	classes = {
	};
	objectVersion = 46;
	objects = {

/* Begin PBXBuildFile section */
		1DA148E11CF2AA3500D57271 /* formfind.pl in Resources */ = {isa = PBXBuildFile; fileRef = 1DA148E01CF2AA3500D57271 /* formfind.pl */; };
		2FA8FD681C1E9BD80034522C /* AppleScriptObjC.framework in Frameworks */ = {isa = PBXBuildFile; fileRef = 2FA8FD671C1E9BD80034522C /* AppleScriptObjC.framework */; };
		2FA8FD6C1C1E9BD80034522C /* main.m in Sources */ = {isa = PBXBuildFile; fileRef = 2FA8FD6B1C1E9BD80034522C /* main.m */; };
		2FA8FD6E1C1E9BD80034522C /* AppDelegate.applescript in Sources */ = {isa = PBXBuildFile; fileRef = 2FA8FD6D1C1E9BD80034522C /* AppDelegate.applescript */; };
		2FA8FD701C1E9BD80034522C /* Assets.xcassets in Resources */ = {isa = PBXBuildFile; fileRef = 2FA8FD6F1C1E9BD80034522C /* Assets.xcassets */; };
		2FA8FD731C1E9BD80034522C /* MainMenu.xib in Resources */ = {isa = PBXBuildFile; fileRef = 2FA8FD711C1E9BD80034522C /* MainMenu.xib */; };
/* End PBXBuildFile section */

/* Begin PBXFileReference section */
		1DA148E01CF2AA3500D57271 /* formfind.pl */ = {isa = PBXFileReference; fileEncoding = 4; lastKnownFileType = text.script.perl; path = formfind.pl; sourceTree = "<group>"; };
		2FA8FD641C1E9BD80034522C /* SkeleKey-Applet.app */ = {isa = PBXFileReference; explicitFileType = wrapper.application; includeInIndex = 0; path = "SkeleKey-Applet.app"; sourceTree = BUILT_PRODUCTS_DIR; };
		2FA8FD671C1E9BD80034522C /* AppleScriptObjC.framework */ = {isa = PBXFileReference; lastKnownFileType = wrapper.framework; name = AppleScriptObjC.framework; path = System/Library/Frameworks/AppleScriptObjC.framework; sourceTree = SDKROOT; };
		2FA8FD6B1C1E9BD80034522C /* main.m */ = {isa = PBXFileReference; lastKnownFileType = sourcecode.c.objc; path = main.m; sourceTree = "<group>"; };
		2FA8FD6D1C1E9BD80034522C /* AppDelegate.applescript */ = {isa = PBXFileReference; lastKnownFileType = sourcecode.applescript; path = AppDelegate.applescript; sourceTree = "<group>"; };
		2FA8FD6F1C1E9BD80034522C /* Assets.xcassets */ = {isa = PBXFileReference; lastKnownFileType = folder.assetcatalog; path = Assets.xcassets; sourceTree = "<group>"; };
		2FA8FD721C1E9BD80034522C /* Base */ = {isa = PBXFileReference; lastKnownFileType = file.xib; name = Base; path = Base.lproj/MainMenu.xib; sourceTree = "<group>"; };
		2FA8FD741C1E9BD80034522C /* Info.plist */ = {isa = PBXFileReference; lastKnownFileType = text.plist.xml; path = Info.plist; sourceTree = "<group>"; };
/* End PBXFileReference section */

/* Begin PBXFrameworksBuildPhase section */
		2FA8FD611C1E9BD80034522C /* Frameworks */ = {
			isa = PBXFrameworksBuildPhase;
			buildActionMask = 2147483647;
			files = (
				2FA8FD681C1E9BD80034522C /* AppleScriptObjC.framework in Frameworks */,
			);
			runOnlyForDeploymentPostprocessing = 0;
		};
/* End PBXFrameworksBuildPhase section */

/* Begin PBXGroup section */
		2FA8FD5B1C1E9BD80034522C = {
			isa = PBXGroup;
			children = (
				2FA8FD691C1E9BD80034522C /* SkeleKey-Applet */,
				2FA8FD661C1E9BD80034522C /* Frameworks */,
				2FA8FD651C1E9BD80034522C /* Products */,
				1DA148E01CF2AA3500D57271 /* formfind.pl */,
			);
			sourceTree = "<group>";
		};
		2FA8FD651C1E9BD80034522C /* Products */ = {
			isa = PBXGroup;
			children = (
				2FA8FD641C1E9BD80034522C /* SkeleKey-Applet.app */,
			);
			name = Products;
			sourceTree = "<group>";
		};
		2FA8FD661C1E9BD80034522C /* Frameworks */ = {
			isa = PBXGroup;
			children = (
				2FA8FD671C1E9BD80034522C /* AppleScriptObjC.framework */,
			);
			name = Frameworks;
			sourceTree = "<group>";
		};
		2FA8FD691C1E9BD80034522C /* SkeleKey-Applet */ = {
			isa = PBXGroup;
			children = (
				2FA8FD6D1C1E9BD80034522C /* AppDelegate.applescript */,
				2FA8FD6F1C1E9BD80034522C /* Assets.xcassets */,
				2FA8FD711C1E9BD80034522C /* MainMenu.xib */,
				2FA8FD741C1E9BD80034522C /* Info.plist */,
				2FA8FD6A1C1E9BD80034522C /* Supporting Files */,
			);
			path = "SkeleKey-Applet";
			sourceTree = "<group>";
		};
		2FA8FD6A1C1E9BD80034522C /* Supporting Files */ = {
			isa = PBXGroup;
			children = (
				2FA8FD6B1C1E9BD80034522C /* main.m */,
			);
			name = "Supporting Files";
			sourceTree = "<group>";
		};
/* End PBXGroup section */

/* Begin PBXNativeTarget section */
		2FA8FD631C1E9BD80034522C /* SkeleKey-Applet */ = {
			isa = PBXNativeTarget;
			buildConfigurationList = 2FA8FD771C1E9BD80034522C /* Build configuration list for PBXNativeTarget "SkeleKey-Applet" */;
			buildPhases = (
				2FA8FD601C1E9BD80034522C /* Sources */,
				2FA8FD611C1E9BD80034522C /* Frameworks */,
				2FA8FD621C1E9BD80034522C /* Resources */,
			);
			buildRules = (
			);
			dependencies = (
			);
			name = "SkeleKey-Applet";
			productName = "SkeleKey-Applet";
			productReference = 2FA8FD641C1E9BD80034522C /* SkeleKey-Applet.app */;
			productType = "com.apple.product-type.application";
		};
/* End PBXNativeTarget section */

/* Begin PBXProject section */
		2FA8FD5C1C1E9BD80034522C /* Project object */ = {
			isa = PBXProject;
			attributes = {
				LastUpgradeCheck = 0710;
				ORGANIZATIONNAME = SEBS;
				TargetAttributes = {
					2FA8FD631C1E9BD80034522C = {
						CreatedOnToolsVersion = 7.1.1;
					};
				};
			};
			buildConfigurationList = 2FA8FD5F1C1E9BD80034522C /* Build configuration list for PBXProject "SkeleKey-Applet" */;
			compatibilityVersion = "Xcode 3.2";
			developmentRegion = English;
			hasScannedForEncodings = 0;
			knownRegions = (
				en,
				Base,
			);
			mainGroup = 2FA8FD5B1C1E9BD80034522C;
			productRefGroup = 2FA8FD651C1E9BD80034522C /* Products */;
			projectDirPath = "";
			projectRoot = "";
			targets = (
				2FA8FD631C1E9BD80034522C /* SkeleKey-Applet */,
			);
		};
/* End PBXProject section */

/* Begin PBXResourcesBuildPhase section */
		2FA8FD621C1E9BD80034522C /* Resources */ = {
			isa = PBXResourcesBuildPhase;
			buildActionMask = 2147483647;
			files = (
				2FA8FD701C1E9BD80034522C /* Assets.xcassets in Resources */,
				1DA148E11CF2AA3500D57271 /* formfind.pl in Resources */,
				2FA8FD731C1E9BD80034522C /* MainMenu.xib in Resources */,
			);
			runOnlyForDeploymentPostprocessing = 0;
		};
/* End PBXResourcesBuildPhase section */

/* Begin PBXSourcesBuildPhase section */
		2FA8FD601C1E9BD80034522C /* Sources */ = {
			isa = PBXSourcesBuildPhase;
			buildActionMask = 2147483647;
			files = (
				2FA8FD6E1C1E9BD80034522C /* AppDelegate.applescript in Sources */,
				2FA8FD6C1C1E9BD80034522C /* main.m in Sources */,
			);
			runOnlyForDeploymentPostprocessing = 0;
		};
/* End PBXSourcesBuildPhase section */

/* Begin PBXVariantGroup section */
		2FA8FD711C1E9BD80034522C /* MainMenu.xib */ = {
			isa = PBXVariantGroup;
			children = (
				2FA8FD721C1E9BD80034522C /* Base */,
			);
			name = MainMenu.xib;
			sourceTree = "<group>";
		};
/* End PBXVariantGroup section */

/* Begin XCBuildConfiguration section */
		2FA8FD751C1E9BD80034522C /* Debug */ = {
			isa = XCBuildConfiguration;
			buildSettings = {
				ALWAYS_SEARCH_USER_PATHS = NO;
				CLANG_CXX_LANGUAGE_STANDARD = "gnu++0x";
				CLANG_CXX_LIBRARY = "libc++";
				CLANG_ENABLE_MODULES = YES;
				CLANG_ENABLE_OBJC_ARC = YES;
				CLANG_WARN_BOOL_CONVERSION = YES;
				CLANG_WARN_CONSTANT_CONVERSION = YES;
				CLANG_WARN_DIRECT_OBJC_ISA_USAGE = YES_ERROR;
				CLANG_WARN_EMPTY_BODY = YES;
				CLANG_WARN_ENUM_CONVERSION = YES;
				CLANG_WARN_INT_CONVERSION = YES;
				CLANG_WARN_OBJC_ROOT_CLASS = YES_ERROR;
				CLANG_WARN_UNREACHABLE_CODE = YES;
				CLANG_WARN__DUPLICATE_METHOD_MATCH = YES;
				CODE_SIGN_IDENTITY = "";
				COPY_PHASE_STRIP = NO;
				DEBUG_INFORMATION_FORMAT = dwarf;
				ENABLE_STRICT_OBJC_MSGSEND = YES;
				ENABLE_TESTABILITY = YES;
				GCC_C_LANGUAGE_STANDARD = gnu99;
				GCC_DYNAMIC_NO_PIC = NO;
				GCC_NO_COMMON_BLOCKS = YES;
				GCC_OPTIMIZATION_LEVEL = 0;
				GCC_PREPROCESSOR_DEFINITIONS = (
					"DEBUG=1",
					"$(inherited)",
				);
				GCC_WARN_64_TO_32_BIT_CONVERSION = YES;
				GCC_WARN_ABOUT_RETURN_TYPE = YES_ERROR;
				GCC_WARN_UNDECLARED_SELECTOR = YES;
				GCC_WARN_UNINITIALIZED_AUTOS = YES_AGGRESSIVE;
				GCC_WARN_UNUSED_FUNCTION = YES;
				GCC_WARN_UNUSED_VARIABLE = YES;
				MACOSX_DEPLOYMENT_TARGET = 10.10;
				MTL_ENABLE_DEBUG_INFO = YES;
				ONLY_ACTIVE_ARCH = YES;
				SDKROOT = macosx;
			};
			name = Debug;
		};
		2FA8FD761C1E9BD80034522C /* Release */ = {
			isa = XCBuildConfiguration;
			buildSettings = {
				ALWAYS_SEARCH_USER_PATHS = NO;
				CLANG_CXX_LANGUAGE_STANDARD = "gnu++0x";
				CLANG_CXX_LIBRARY = "libc++";
				CLANG_ENABLE_MODULES = YES;
				CLANG_ENABLE_OBJC_ARC = YES;
				CLANG_WARN_BOOL_CONVERSION = YES;
				CLANG_WARN_CONSTANT_CONVERSION = YES;
				CLANG_WARN_DIRECT_OBJC_ISA_USAGE = YES_ERROR;
				CLANG_WARN_EMPTY_BODY = YES;
				CLANG_WARN_ENUM_CONVERSION = YES;
				CLANG_WARN_INT_CONVERSION = YES;
				CLANG_WARN_OBJC_ROOT_CLASS = YES_ERROR;
				CLANG_WARN_UNREACHABLE_CODE = YES;
				CLANG_WARN__DUPLICATE_METHOD_MATCH = YES;
				CODE_SIGN_IDENTITY = "";
				COPY_PHASE_STRIP = NO;
				DEBUG_INFORMATION_FORMAT = "dwarf-with-dsym";
				ENABLE_NS_ASSERTIONS = NO;
				ENABLE_STRICT_OBJC_MSGSEND = YES;
				GCC_C_LANGUAGE_STANDARD = gnu99;
				GCC_NO_COMMON_BLOCKS = YES;
				GCC_WARN_64_TO_32_BIT_CONVERSION = YES;
				GCC_WARN_ABOUT_RETURN_TYPE = YES_ERROR;
				GCC_WARN_UNDECLARED_SELECTOR = YES;
				GCC_WARN_UNINITIALIZED_AUTOS = YES_AGGRESSIVE;
				GCC_WARN_UNUSED_FUNCTION = YES;
				GCC_WARN_UNUSED_VARIABLE = YES;
				MACOSX_DEPLOYMENT_TARGET = 10.10;
				MTL_ENABLE_DEBUG_INFO = NO;
				SDKROOT = macosx;
			};
			name = Release;
		};
		2FA8FD781C1E9BD80034522C /* Debug */ = {
			isa = XCBuildConfiguration;
			buildSettings = {
				ASSETCATALOG_COMPILER_APPICON_NAME = AppIcon;
				COMBINE_HIDPI_IMAGES = YES;
				INFOPLIST_FILE = "SkeleKey-Applet/Info.plist";
				LD_RUNPATH_SEARCH_PATHS = "$(inherited) @executable_path/../Frameworks";
				MACOSX_DEPLOYMENT_TARGET = 10.10;
				PRODUCT_BUNDLE_IDENTIFIER = "com.skelekey.SkeleKey-Applet";
				PRODUCT_NAME = "$(TARGET_NAME)";
			};
			name = Debug;
		};
		2FA8FD791C1E9BD80034522C /* Release */ = {
			isa = XCBuildConfiguration;
			buildSettings = {
				ASSETCATALOG_COMPILER_APPICON_NAME = AppIcon;
				COMBINE_HIDPI_IMAGES = YES;
				INFOPLIST_FILE = "SkeleKey-Applet/Info.plist";
				LD_RUNPATH_SEARCH_PATHS = "$(inherited) @executable_path/../Frameworks";
				MACOSX_DEPLOYMENT_TARGET = 10.10;
				PRODUCT_BUNDLE_IDENTIFIER = "com.skelekey.SkeleKey-Applet";
				PRODUCT_NAME = "$(TARGET_NAME)";
			};
			name = Release;
		};
/* End XCBuildConfiguration section */

/* Begin XCConfigurationList section */
		2FA8FD5F1C1E9BD80034522C /* Build configuration list for PBXProject "SkeleKey-Applet" */ = {
			isa = XCConfigurationList;
			buildConfigurations = (
				2FA8FD751C1E9BD80034522C /* Debug */,
				2FA8FD761C1E9BD80034522C /* Release */,
			);
			defaultConfigurationIsVisible = 0;
			defaultConfigurationName = Release;
		};
		2FA8FD771C1E9BD80034522C /* Build configuration list for PBXNativeTarget "SkeleKey-Applet" */ = {
			isa = XCConfigurationList;
			buildConfigurations = (
				2FA8FD781C1E9BD80034522C /* Debug */,
				2FA8FD791C1E9BD80034522C /* Release */,
			);
			defaultConfigurationIsVisible = 0;
			defaultConfigurationName = Release;
		};
/* End XCConfigurationList section */
	};
	rootObject = 2FA8FD5C1C1E9BD80034522C /* Project object */;
}
